
Microsoft Visual Studio Solution File, Format Version 12.00
# Visual Studio Version 17
VisualStudioVersion = 17.0.31903.59
MinimumVisualStudioVersion = 10.0.40219.1
Project("{2150E333-8FDC-42A3-9474-1A3956D46DE8}") = "src", "src", "{0409C74F-03DA-45F0-AF2B-670DD77E76A9}"
EndProject
Project("{FAE04EC0-301F-11D3-BF4B-00C04F79EFBC}") = "ProductManagement.Api", "src\ProductManagement.Api\ProductManagement.Api.csproj", "{E2BFDD83-5139-488A-9188-0D03C9C9C677}"
EndProject
Project("{FAE04EC0-301F-11D3-BF4B-00C04F79EFBC}") = "ProductManagement.EntityFrameworkCore", "src\ProductManagement.EntityFrameworkCore\ProductManagement.EntityFrameworkCore.csproj", "{EFA21A08-3E7D-46D0-9824-625EBDDE7800}"
EndProject
Project("{FAE04EC0-301F-11D3-BF4B-00C04F79EFBC}") = "ProductManagement.Domain.Shared", "src\ProductManagement.Domain.Shared\ProductManagement.Domain.Shared.csproj", "{440EF8F6-A7AA-4B81-964C-5559D581BDC6}"
EndProject
Project("{FAE04EC0-301F-11D3-BF4B-00C04F79EFBC}") = "ProductManagement.Domain", "src\ProductManagement.Domain\ProductManagement.Domain.csproj", "{08F9749A-4F6D-4B6A-A98C-7DD3F432D72D}"
EndProject
Project("{FAE04EC0-301F-11D3-BF4B-00C04F79EFBC}") = "ProductManagement.Application", "src\ProductManagement.Application\ProductManagement.Application.csproj", "{4CA9BEDB-CC44-405B-8E6C-8F63586A533B}"
EndProject
Project("{FAE04EC0-301F-11D3-BF4B-00C04F79EFBC}") = "ProductManagement.Application.Contracts", "src\ProductManagement.Application.Contracts\ProductManagement.Application.Contracts.csproj", "{F15B2685-424C-42AE-972D-385D3F42E15A}"
EndProject
Global
	GlobalSection(SolutionConfigurationPlatforms) = preSolution
		Debug|Any CPU = Debug|Any CPU
		Release|Any CPU = Release|Any CPU
	EndGlobalSection
	GlobalSection(SolutionProperties) = preSolution
		HideSolutionNode = FALSE
	EndGlobalSection
	GlobalSection(ProjectConfigurationPlatforms) = postSolution
		{E2BFDD83-5139-488A-9188-0D03C9C9C677}.Debug|Any CPU.ActiveCfg = Debug|Any CPU
		{E2BFDD83-5139-488A-9188-0D03C9C9C677}.Debug|Any CPU.Build.0 = Debug|Any CPU
		{E2BFDD83-5139-488A-9188-0D03C9C9C677}.Release|Any CPU.ActiveCfg = Release|Any CPU
		{E2BFDD83-5139-488A-9188-0D03C9C9C677}.Release|Any CPU.Build.0 = Release|Any CPU
		{EFA21A08-3E7D-46D0-9824-625EBDDE7800}.Debug|Any CPU.ActiveCfg = Debug|Any CPU
		{EFA21A08-3E7D-46D0-9824-625EBDDE7800}.Debug|Any CPU.Build.0 = Debug|Any CPU
		{EFA21A08-3E7D-46D0-9824-625EBDDE7800}.Release|Any CPU.ActiveCfg = Release|Any CPU
		{EFA21A08-3E7D-46D0-9824-625EBDDE7800}.Release|Any CPU.Build.0 = Release|Any CPU
		{440EF8F6-A7AA-4B81-964C-5559D581BDC6}.Debug|Any CPU.ActiveCfg = Debug|Any CPU
		{440EF8F6-A7AA-4B81-964C-5559D581BDC6}.Debug|Any CPU.Build.0 = Debug|Any CPU
		{440EF8F6-A7AA-4B81-964C-5559D581BDC6}.Release|Any CPU.ActiveCfg = Release|Any CPU
		{440EF8F6-A7AA-4B81-964C-5559D581BDC6}.Release|Any CPU.Build.0 = Release|Any CPU
		{08F9749A-4F6D-4B6A-A98C-7DD3F432D72D}.Debug|Any CPU.ActiveCfg = Debug|Any CPU
		{08F9749A-4F6D-4B6A-A98C-7DD3F432D72D}.Debug|Any CPU.Build.0 = Debug|Any CPU
		{08F9749A-4F6D-4B6A-A98C-7DD3F432D72D}.Release|Any CPU.ActiveCfg = Release|Any CPU
		{08F9749A-4F6D-4B6A-A98C-7DD3F432D72D}.Release|Any CPU.Build.0 = Release|Any CPU
		{4CA9BEDB-CC44-405B-8E6C-8F63586A533B}.Debug|Any CPU.ActiveCfg = Debug|Any CPU
		{4CA9BEDB-CC44-405B-8E6C-8F63586A533B}.Debug|Any CPU.Build.0 = Debug|Any CPU
		{4CA9BEDB-CC44-405B-8E6C-8F63586A533B}.Release|Any CPU.ActiveCfg = Release|Any CPU
		{4CA9BEDB-CC44-405B-8E6C-8F63586A533B}.Release|Any CPU.Build.0 = Release|Any CPU
		{F15B2685-424C-42AE-972D-385D3F42E15A}.Debug|Any CPU.ActiveCfg = Debug|Any CPU
		{F15B2685-424C-42AE-972D-385D3F42E15A}.Debug|Any CPU.Build.0 = Debug|Any CPU
		{F15B2685-424C-42AE-972D-385D3F42E15A}.Release|Any CPU.ActiveCfg = Release|Any CPU
		{F15B2685-424C-42AE-972D-385D3F42E15A}.Release|Any CPU.Build.0 = Release|Any CPU
	EndGlobalSection
	GlobalSection(NestedProjects) = preSolution
		{E2BFDD83-5139-488A-9188-0D03C9C9C677} = {0409C74F-03DA-45F0-AF2B-670DD77E76A9}
		{EFA21A08-3E7D-46D0-9824-625EBDDE7800} = {0409C74F-03DA-45F0-AF2B-670DD77E76A9}
		{440EF8F6-A7AA-4B81-964C-5559D581BDC6} = {0409C74F-03DA-45F0-AF2B-670DD77E76A9}
		{08F9749A-4F6D-4B6A-A98C-7DD3F432D72D} = {0409C74F-03DA-45F0-AF2B-670DD77E76A9}
		{4CA9BEDB-CC44-405B-8E6C-8F63586A533B} = {0409C74F-03DA-45F0-AF2B-670DD77E76A9}
		{F15B2685-424C-42AE-972D-385D3F42E15A} = {0409C74F-03DA-45F0-AF2B-670DD77E76A9}
	EndGlobalSection
EndGlobal
