
Microsoft Visual Studio Solution File, Format Version 12.00
# Visual Studio Version 17
VisualStudioVersion = 17.6.33815.320
MinimumVisualStudioVersion = 10.0.40219.1
Project("{FAE04EC0-301F-11D3-BF4B-00C04F79EFBC}") = "ProductManagement.EntityFrameworkCore", "ProductManagement.EntityFrameworkCore.csproj", "{08ADDCC4-9DC5-44F7-A8C1-A18C8F89F608}"
EndProject
Global
	GlobalSection(SolutionConfigurationPlatforms) = preSolution
		Debug|Any CPU = Debug|Any CPU
		Release|Any CPU = Release|Any CPU
	EndGlobalSection
	GlobalSection(ProjectConfigurationPlatforms) = postSolution
		{08ADDCC4-9DC5-44F7-A8C1-A18C8F89F608}.Debug|Any CPU.ActiveCfg = Debug|Any CPU
		{08ADDCC4-9DC5-44F7-A8C1-A18C8F89F608}.Debug|Any CPU.Build.0 = Debug|Any CPU
		{08ADDCC4-9DC5-44F7-A8C1-A18C8F89F608}.Release|Any CPU.ActiveCfg = Release|Any CPU
		{08ADDCC4-9DC5-44F7-A8C1-A18C8F89F608}.Release|Any CPU.Build.0 = Release|Any CPU
	EndGlobalSection
	GlobalSection(SolutionProperties) = preSolution
		HideSolutionNode = FALSE
	EndGlobalSection
	GlobalSection(ExtensibilityGlobals) = postSolution
		SolutionGuid = {F073F8B2-67EA-4F28-8B07-CECD911EE633}
	EndGlobalSection
EndGlobal
