
Microsoft Visual Studio Solution File, Format Version 12.00
# Visual Studio Version 17
VisualStudioVersion = 17.6.33815.320
MinimumVisualStudioVersion = 10.0.40219.1
Project("{FAE04EC0-301F-11D3-BF4B-00C04F79EFBC}") = "ProductManagement.Application", "ProductManagement.Application.csproj", "{FE8DF41E-5802-4432-A6EC-5244EBD4DAD4}"
EndProject
Global
	GlobalSection(SolutionConfigurationPlatforms) = preSolution
		Debug|Any CPU = Debug|Any CPU
		Release|Any CPU = Release|Any CPU
	EndGlobalSection
	GlobalSection(ProjectConfigurationPlatforms) = postSolution
		{FE8DF41E-5802-4432-A6EC-5244EBD4DAD4}.Debug|Any CPU.ActiveCfg = Debug|Any CPU
		{FE8DF41E-5802-4432-A6EC-5244EBD4DAD4}.Debug|Any CPU.Build.0 = Debug|Any CPU
		{FE8DF41E-5802-4432-A6EC-5244EBD4DAD4}.Release|Any CPU.ActiveCfg = Release|Any CPU
		{FE8DF41E-5802-4432-A6EC-5244EBD4DAD4}.Release|Any CPU.Build.0 = Release|Any CPU
	EndGlobalSection
	GlobalSection(SolutionProperties) = preSolution
		HideSolutionNode = FALSE
	EndGlobalSection
	GlobalSection(ExtensibilityGlobals) = postSolution
		SolutionGuid = {B4D40F52-FE86-4C32-872D-C76F2E74F1E1}
	EndGlobalSection
EndGlobal
